
Microsoft Visual Studio Solution File, Format Version 12.00
# Visual Studio Version 17
VisualStudioVersion = 17.9.34622.214
MinimumVisualStudioVersion = 10.0.40219.1
Project("{9A19103F-16F7-4668-BE54-9A1E7A4F7556}") = "MobilePrototype", "MobilePrototype.csproj", "{05F5534B-BF53-4073-80DB-42E1505FF78F}"
EndProject
Project("{FAE04EC0-301F-11D3-BF4B-00C04F79EFBC}") = "MobilePrototypeServer", "..\MobilePrototypeServer\MobilePrototypeServer\MobilePrototypeServer.csproj", "{46CAD569-1AAE-4772-8FD5-D49636390EEA}"
EndProject
Project("{FAE04EC0-301F-11D3-BF4B-00C04F79EFBC}") = "MobilePrototypeServer.Client", "..\MobilePrototypeServer\MobilePrototypeServer.Client\MobilePrototypeServer.Client.csproj", "{6974AD46-C65E-46DC-AC0F-59046191B1C1}"
EndProject
Global
	GlobalSection(SolutionConfigurationPlatforms) = preSolution
		Debug|Any CPU = Debug|Any CPU
		Release|Any CPU = Release|Any CPU
	EndGlobalSection
	GlobalSection(ProjectConfigurationPlatforms) = postSolution
		{05F5534B-BF53-4073-80DB-42E1505FF78F}.Debug|Any CPU.ActiveCfg = Debug|Any CPU
		{05F5534B-BF53-4073-80DB-42E1505FF78F}.Debug|Any CPU.Build.0 = Debug|Any CPU
		{05F5534B-BF53-4073-80DB-42E1505FF78F}.Debug|Any CPU.Deploy.0 = Debug|Any CPU
		{05F5534B-BF53-4073-80DB-42E1505FF78F}.Release|Any CPU.ActiveCfg = Release|Any CPU
		{05F5534B-BF53-4073-80DB-42E1505FF78F}.Release|Any CPU.Build.0 = Release|Any CPU
		{05F5534B-BF53-4073-80DB-42E1505FF78F}.Release|Any CPU.Deploy.0 = Release|Any CPU
		{46CAD569-1AAE-4772-8FD5-D49636390EEA}.Debug|Any CPU.ActiveCfg = Debug|Any CPU
		{46CAD569-1AAE-4772-8FD5-D49636390EEA}.Debug|Any CPU.Build.0 = Debug|Any CPU
		{46CAD569-1AAE-4772-8FD5-D49636390EEA}.Release|Any CPU.ActiveCfg = Release|Any CPU
		{46CAD569-1AAE-4772-8FD5-D49636390EEA}.Release|Any CPU.Build.0 = Release|Any CPU
		{6974AD46-C65E-46DC-AC0F-59046191B1C1}.Debug|Any CPU.ActiveCfg = Debug|Any CPU
		{6974AD46-C65E-46DC-AC0F-59046191B1C1}.Debug|Any CPU.Build.0 = Debug|Any CPU
		{6974AD46-C65E-46DC-AC0F-59046191B1C1}.Release|Any CPU.ActiveCfg = Release|Any CPU
		{6974AD46-C65E-46DC-AC0F-59046191B1C1}.Release|Any CPU.Build.0 = Release|Any CPU
	EndGlobalSection
	GlobalSection(SolutionProperties) = preSolution
		HideSolutionNode = FALSE
	EndGlobalSection
	GlobalSection(ExtensibilityGlobals) = postSolution
		SolutionGuid = {2B5E2637-935F-4CA9-896D-494229912289}
	EndGlobalSection
EndGlobal
